# This file is automatically @generated by Poetry 1.8.4 and should not be changed by hand.

[[package]]
name = "greenlet"
version = "3.3.1"
description = "Lightweight in-process concurrent programming"
optional = false
python-versions = ">=3.10"
files = [
    {file = "greenlet-3.3.1-cp310-cp310-macosx_11_0_universal2.whl", hash = "sha256:04bee4775f40ecefcdaa9d115ab44736cd4b9c5fba733575bfe9379419582e13"},
    {file = "greenlet-3.3.1-cp310-cp310-manylinux_2_24_aarch64.manylinux_2_28_aarch64.whl", hash = "sha256:50e1457f4fed12a50e427988a07f0f9df53cf0ee8da23fab16e6732c2ec909d4"},
    {file = "greenlet-3.3.1-cp310-cp310-manylinux_2_24_ppc64le.manylinux_2_28_ppc64le.whl", hash = "sha256:070472cd156f0656f86f92e954591644e158fd65aa415ffbe2d44ca77656a8f5"},
    {file = "greenlet-3.3.1-cp310-cp310-manylinux_2_24_s390x.manylinux_2_28_s390x.whl", hash = "sha256:1108b61b06b5224656121c3c8ee8876161c491cbe74e5c519e0634c837cf93d5"},
    {file = "greenlet-3.3.1-cp310-cp310-manylinux_2_24_x86_64.manylinux_2_28_x86_64.whl", hash = "sha256:3a300354f27dd86bae5fbf7002e6dd2b3255cd372e9242c933faf5e859b703fe"},
    {file = "greenlet-3.3.1-cp310-cp310-musllinux_1_2_aarch64.whl", hash = "sha256:e84b51cbebf9ae573b5fbd15df88887815e3253fc000a7d0ff95170e8f7e9729"},
    {file = "greenlet-3.3.1-cp310-cp310-musllinux_1_2_x86_64.whl", hash = "sha256:e0093bd1a06d899892427217f0ff2a3c8f306182b8c754336d32e2d587c131b4"},
    {file = "greenlet-3.3.1-cp310-cp310-win_amd64.whl", hash = "sha256:7932f5f57609b6a3b82cc11877709aa7a98e3308983ed93552a1c377069b20c8"},
    {file = "greenlet-3.3.1-cp311-cp311-macosx_11_0_universal2.whl", hash = "sha256:5fd23b9bc6d37b563211c6abbb1b3cab27db385a4449af5c32e932f93017080c"},
    {file = "greenlet-3.3.1-cp311-cp311-manylinux_2_24_aarch64.manylinux_2_28_aarch64.whl", hash = "sha256:09f51496a0bfbaa9d74d36a52d2580d1ef5ed4fdfcff0a73730abfbbbe1403dd"},
    {file = "greenlet-3.3.1-cp311-cp311-manylinux_2_24_ppc64le.manylinux_2_28_ppc64le.whl", hash = "sha256:cb0feb07fe6e6a74615ee62a880007d976cf739b6669cce95daa7373d4fc69c5"},
    {file = "greenlet-3.3.1-cp311-cp311-manylinux_2_24_s390x.manylinux_2_28_s390x.whl", hash = "sha256:67ea3fc73c8cd92f42467a72b75e8f05ed51a0e9b1d15398c913416f2dafd49f"},
    {file = "greenlet-3.3.1-cp311-cp311-manylinux_2_24_x86_64.manylinux_2_28_x86_64.whl", hash = "sha256:39eda9ba259cc9801da05351eaa8576e9aa83eb9411e8f0c299e05d712a210f2"},
    {file = "greenlet-3.3.1-cp311-cp311-musllinux_1_2_aarch64.whl", hash = "sha256:e2e7e882f83149f0a71ac822ebf156d902e7a5d22c9045e3e0d1daf59cee2cc9"},
    {file = "greenlet-3.3.1-cp311-cp311-musllinux_1_2_x86_64.whl", hash = "sha256:80aa4d79eb5564f2e0a6144fcc744b5a37c56c4a92d60920720e99210d88db0f"},
    {file = "greenlet-3.3.1-cp311-cp311-win_amd64.whl", hash = "sha256:32e4ca9777c5addcbf42ff3915d99030d8e00173a56f80001fb3875998fe410b"},
    {file = "greenlet-3.3.1-cp311-cp311-win_arm64.whl", hash = "sha256:da19609432f353fed186cc1b85e9440db93d489f198b4bdf42ae19cc9d9ac9b4"},
    {file = "greenlet-3.3.1-cp312-cp312-macosx_11_0_universal2.whl", hash = "sha256:7e806ca53acf6d15a888405880766ec84721aa4181261cd11a457dfe9a7a4975"},
    {file = "greenlet-3.3.1-cp312-cp312-manylinux_2_24_aarch64.manylinux_2_28_aarch64.whl", hash = "sha256:d842c94b9155f1c9b3058036c24ffb8ff78b428414a19792b2380be9cecf4f36"},
    {file = "greenlet-3.3.1-cp312-cp312-manylinux_2_24_ppc64le.manylinux_2_28_ppc64le.whl", hash = "sha256:20fedaadd422fa02695f82093f9a98bad3dab5fcda793c658b945fcde2ab27ba"},
    {file = "greenlet-3.3.1-cp312-cp312-manylinux_2_24_s390x.manylinux_2_28_s390x.whl", hash = "sha256:c620051669fd04ac6b60ebc70478210119c56e2d5d5df848baec4312e260e4ca"},
    {file = "greenlet-3.3.1-cp312-cp312-manylinux_2_24_x86_64.manylinux_2_28_x86_64.whl", hash = "sha256:14194f5f4305800ff329cbf02c5fcc88f01886cadd29941b807668a45f0d2336"},
    {file = "greenlet-3.3.1-cp312-cp312-musllinux_1_2_aarch64.whl", hash = "sha256:7b2fe4150a0cf59f847a67db8c155ac36aed89080a6a639e9f16df5d6c6096f1"},
    {file = "greenlet-3.3.1-cp312-cp312-musllinux_1_2_x86_64.whl", hash = "sha256:49f4ad195d45f4a66a0eb9c1ba4832bb380570d361912fa3554746830d332149"},
    {file = "greenlet-3.3.1-cp312-cp312-win_amd64.whl", hash = "sha256:cc98b9c4e4870fa983436afa999d4eb16b12872fab7071423d5262fa7120d57a"},
    {file = "greenlet-3.3.1-cp312-cp312-win_arm64.whl", hash = "sha256:bfb2d1763d777de5ee495c85309460f6fd8146e50ec9d0ae0183dbf6f0a829d1"},
    {file = "greenlet-3.3.1-cp313-cp313-macosx_11_0_universal2.whl", hash = "sha256:7ab327905cabb0622adca5971e488064e35115430cec2c35a50fd36e72a315b3"},
    {file = "greenlet-3.3.1-cp313-cp313-manylinux_2_24_aarch64.manylinux_2_28_aarch64.whl", hash = "sha256:65be2f026ca6a176f88fb935ee23c18333ccea97048076aef4db1ef5bc0713ac"},
    {file = "greenlet-3.3.1-cp313-cp313-manylinux_2_24_ppc64le.manylinux_2_28_ppc64le.whl", hash = "sha256:7a3ae05b3d225b4155bda56b072ceb09d05e974bc74be6c3fc15463cf69f33fd"},
    {file = "greenlet-3.3.1-cp313-cp313-manylinux_2_24_s390x.manylinux_2_28_s390x.whl", hash = "sha256:12184c61e5d64268a160226fb4818af4df02cfead8379d7f8b99a56c3a54ff3e"},
    {file = "greenlet-3.3.1-cp313-cp313-manylinux_2_24_x86_64.manylinux_2_28_x86_64.whl", hash = "sha256:6423481193bbbe871313de5fd06a082f2649e7ce6e08015d2a76c1e9186ca5b3"},
    {file = "greenlet-3.3.1-cp313-cp313-musllinux_1_2_aarch64.whl", hash = "sha256:33a956fe78bbbda82bfc95e128d61129b32d66bcf0a20a1f0c08aa4839ffa951"},
    {file = "greenlet-3.3.1-cp313-cp313-musllinux_1_2_x86_64.whl", hash = "sha256:4b065d3284be43728dd280f6f9a13990b56470b81be20375a207cdc814a983f2"},
    {file = "greenlet-3.3.1-cp313-cp313-win_amd64.whl", hash = "sha256:27289986f4e5b0edec7b5a91063c109f0276abb09a7e9bdab08437525977c946"},
    {file = "greenlet-3.3.1-cp313-cp313-win_arm64.whl", hash = "sha256:2f080e028001c5273e0b42690eaf359aeef9cb1389da0f171ea51a5dc3c7608d"},
    {file = "greenlet-3.3.1-cp314-cp314-macosx_11_0_universal2.whl", hash = "sha256:bd59acd8529b372775cd0fcbc5f420ae20681c5b045ce25bd453ed8455ab99b5"},
    {file = "greenlet-3.3.1-cp314-cp314-manylinux_2_24_aarch64.manylinux_2_28_aarch64.whl", hash = "sha256:b31c05dd84ef6871dd47120386aed35323c944d86c3d91a17c4b8d23df62f15b"},
    {file = "greenlet-3.3.1-cp314-cp314-manylinux_2_24_ppc64le.manylinux_2_28_ppc64le.whl", hash = "sha256:02925a0bfffc41e542c70aa14c7eda3593e4d7e274bfcccca1827e6c0875902e"},
    {file = "greenlet-3.3.1-cp314-cp314-manylinux_2_24_s390x.manylinux_2_28_s390x.whl", hash = "sha256:3e0f3878ca3a3ff63ab4ea478585942b53df66ddde327b59ecb191b19dbbd62d"},
    {file = "greenlet-3.3.1-cp314-cp314-manylinux_2_24_x86_64.manylinux_2_28_x86_64.whl", hash = "sha256:34a729e2e4e4ffe9ae2408d5ecaf12f944853f40ad724929b7585bca808a9d6f"},
    {file = "greenlet-3.3.1-cp314-cp314-musllinux_1_2_aarch64.whl", hash = "sha256:aec9ab04e82918e623415947921dea15851b152b822661cce3f8e4393c3df683"},
    {file = "greenlet-3.3.1-cp314-cp314-musllinux_1_2_x86_64.whl", hash = "sha256:71c767cf281a80d02b6c1bdc41c9468e1f5a494fb11bc8688c360524e273d7b1"},
    {file = "greenlet-3.3.1-cp314-cp314-win_amd64.whl", hash = "sha256:96aff77af063b607f2489473484e39a0bbae730f2ea90c9e5606c9b73c44174a"},
    {file = "greenlet-3.3.1-cp314-cp314-win_arm64.whl", hash = "sha256:b066e8b50e28b503f604fa538adc764a638b38cf8e81e025011d26e8a627fa79"},
    {file = "greenlet-3.3.1-cp314-cp314t-macosx_11_0_universal2.whl", hash = "sha256:3e63252943c921b90abb035ebe9de832c436401d9c45f262d80e2d06cc659242"},
    {file = "greenlet-3.3.1-cp314-cp314t-manylinux_2_24_aarch64.manylinux_2_28_aarch64.whl", hash = "sha256:76e39058e68eb125de10c92524573924e827927df5d3891fbc97bd55764a8774"},
    {file = "greenlet-3.3.1-cp314-cp314t-manylinux_2_24_ppc64le.manylinux_2_28_ppc64le.whl", hash = "sha256:c9f9d5e7a9310b7a2f416dd13d2e3fd8b42d803968ea580b7c0f322ccb389b97"},
    {file = "greenlet-3.3.1-cp314-cp314t-manylinux_2_24_s390x.manylinux_2_28_s390x.whl", hash = "sha256:4b9721549a95db96689458a1e0ae32412ca18776ed004463df3a9299c1b257ab"},
    {file = "greenlet-3.3.1-cp314-cp314t-manylinux_2_24_x86_64.manylinux_2_28_x86_64.whl", hash = "sha256:92497c78adf3ac703b57f1e3813c2d874f27f71a178f9ea5887855da413cd6d2"},
    {file = "greenlet-3.3.1-cp314-cp314t-musllinux_1_2_aarch64.whl", hash = "sha256:ed6b402bc74d6557a705e197d47f9063733091ed6357b3de33619d8a8d93ac53"},
    {file = "greenlet-3.3.1-cp314-cp314t-musllinux_1_2_x86_64.whl", hash = "sha256:59913f1e5ada20fde795ba906916aea25d442abcc0593fba7e26c92b7ad76249"},
    {file = "greenlet-3.3.1-cp314-cp314t-win_amd64.whl", hash = "sha256:301860987846c24cb8964bdec0e31a96ad4a2a801b41b4ef40963c1b44f33451"},
    {file = "greenlet-3.3.1.tar.gz", hash = "sha256:41848f3230b58c08bb43dee542e74a2a2e34d3c59dc3076cec9151aeeedcae98"},
]

[package.extras]
docs = ["Sphinx", "furo"]
test = ["objgraph", "psutil", "setuptools"]

[[package]]
name = "playwright"
version = "1.58.0"
description = "A high-level API to automate web browsers"
optional = false
python-versions = ">=3.9"
files = [
    {file = "playwright-1.58.0-py3-none-macosx_10_13_x86_64.whl", hash = "sha256:96e3204aac292ee639edbfdef6298b4be2ea0a55a16b7068df91adac077cc606"},
    {file = "playwright-1.58.0-py3-none-macosx_11_0_arm64.whl", hash = "sha256:70c763694739d28df71ed578b9c8202bb83e8fe8fb9268c04dd13afe36301f71"},
    {file = "playwright-1.58.0-py3-none-macosx_11_0_universal2.whl", hash = "sha256:185e0132578733d02802dfddfbbc35f42be23a45ff49ccae5081f25952238117"},
    {file = "playwright-1.58.0-py3-none-manylinux1_x86_64.whl", hash = "sha256:c95568ba1eda83812598c1dc9be60b4406dffd60b149bc1536180ad108723d6b"},
    {file = "playwright-1.58.0-py3-none-manylinux_2_17_aarch64.manylinux2014_aarch64.whl", hash = "sha256:8f9999948f1ab541d98812de25e3a8c410776aa516d948807140aff797b4bffa"},
    {file = "playwright-1.58.0-py3-none-win32.whl", hash = "sha256:1e03be090e75a0fabbdaeab65ce17c308c425d879fa48bb1d7986f96bfad0b99"},
    {file = "playwright-1.58.0-py3-none-win_amd64.whl", hash = "sha256:a2bf639d0ce33b3ba38de777e08697b0d8f3dc07ab6802e4ac53fb65e3907af8"},
    {file = "playwright-1.58.0-py3-none-win_arm64.whl", hash = "sha256:32ffe5c303901a13a0ecab91d1c3f74baf73b84f4bedbb6b935f5bc11cc98e1b"},
]

[package.dependencies]
greenlet = ">=3.1.1,<4.0.0"
pyee = ">=13,<14"

[[package]]
name = "pyee"
version = "13.0.0"
description = "A rough port of Node.js's EventEmitter to Python with a few tricks of its own"
optional = false
python-versions = ">=3.8"
files = [
    {file = "pyee-13.0.0-py3-none-any.whl", hash = "sha256:48195a3cddb3b1515ce0695ed76036b5ccc2ef3a9f963ff9f77aec0139845498"},
    {file = "pyee-13.0.0.tar.gz", hash = "sha256:b391e3c5a434d1f5118a25615001dbc8f669cf410ab67d04c4d4e07c55481c37"},
]

[package.dependencies]
typing-extensions = "*"

[package.extras]
dev = ["black", "build", "flake8", "flake8-black", "isort", "jupyter-console", "mkdocs", "mkdocs-include-markdown-plugin", "mkdocstrings[python]", "mypy", "pytest", "pytest-asyncio", "pytest-trio", "sphinx", "toml", "tox", "trio", "trio", "trio-typing", "twine", "twisted", "validate-pyproject[all]"]

[[package]]
name = "python-dotenv"
version = "1.2.1"
description = "Read key-value pairs from a .env file and set them as environment variables"
optional = false
python-versions = ">=3.9"
files = [
    {file = "python_dotenv-1.2.1-py3-none-any.whl", hash = "sha256:b81ee9561e9ca4004139c6cbba3a238c32b03e4894671e181b671e8cb8425d61"},
    {file = "python_dotenv-1.2.1.tar.gz", hash = "sha256:42667e897e16ab0d66954af0e60a9caa94f0fd4ecf3aaf6d2d260eec1aa36ad6"},
]

[package.extras]
cli = ["click (>=5.0)"]

[[package]]
name = "typing-extensions"
version = "4.15.0"
description = "Backported and Experimental Type Hints for Python 3.9+"
optional = false
python-versions = ">=3.9"
files = [
    {file = "typing_extensions-4.15.0-py3-none-any.whl", hash = "sha256:f0fa19c6845758ab08074a0cfa8b7aecb71c999ca73d62883bc25cc018c4e548"},
    {file = "typing_extensions-4.15.0.tar.gz", hash = "sha256:0cea48d173cc12fa28ecabc3b837ea3cf6f38c6d1136f85cbaaf598984861466"},
]

[metadata]
lock-version = "2.0"
python-versions = "^3.12"
content-hash = "e3c39575bb670ec2e915ca97d0078adc71fde3f936254623437ee62e2c5d5060"
